
Microsoft Visual Studio Solution File, Format Version 12.00
# Visual Studio 15
VisualStudioVersion = 15.0.27703.2026
MinimumVisualStudioVersion = 10.0.40219.1
Project("{FAE04EC0-301F-11D3-BF4B-00C04F79EFBC}") = "MyTest", "MyTest\MyTest.csproj", "{A6FA8A30-CDF1-4E9A-AC55-6496B3F60271}"
EndProject
Global
	GlobalSection(SolutionConfigurationPlatforms) = preSolution
		Debug|Any CPU = Debug|Any CPU
		Release|Any CPU = Release|Any CPU
	EndGlobalSection
	GlobalSection(ProjectConfigurationPlatforms) = postSolution
		{A6FA8A30-CDF1-4E9A-AC55-6496B3F60271}.Debug|Any CPU.ActiveCfg = Debug|Any CPU
		{A6FA8A30-CDF1-4E9A-AC55-6496B3F60271}.Debug|Any CPU.Build.0 = Debug|Any CPU
		{A6FA8A30-CDF1-4E9A-AC55-6496B3F60271}.Release|Any CPU.ActiveCfg = Release|Any CPU
		{A6FA8A30-CDF1-4E9A-AC55-6496B3F60271}.Release|Any CPU.Build.0 = Release|Any CPU
	EndGlobalSection
	GlobalSection(SolutionProperties) = preSolution
		HideSolutionNode = FALSE
	EndGlobalSection
	GlobalSection(ExtensibilityGlobals) = postSolution
		SolutionGuid = {86E0140C-5860-4F49-A4CE-70406BAC118E}
	EndGlobalSection
EndGlobal
